
Microsoft Visual Studio Solution File, Format Version 10.00
# Visual Studio 2008
Project("{8BC9CEB8-8B4A-11D0-8D11-00A0C91BC942}") = "ODbgScript", "ODbgScript.vcproj", "{E70561A4-6B5D-4044-99AE-91BAE1975AB6}"
EndProject
Global
	GlobalSection(SolutionConfigurationPlatforms) = preSolution
		Debug|Win32 = Debug|Win32
		Release|Win32 = Release|Win32
	EndGlobalSection
	GlobalSection(ProjectConfigurationPlatforms) = postSolution
		{E70561A4-6B5D-4044-99AE-91BAE1975AB6}.Debug|Win32.ActiveCfg = Debug|Win32
		{E70561A4-6B5D-4044-99AE-91BAE1975AB6}.Debug|Win32.Build.0 = Debug|Win32
		{E70561A4-6B5D-4044-99AE-91BAE1975AB6}.Release|Win32.ActiveCfg = Release|Win32
		{E70561A4-6B5D-4044-99AE-91BAE1975AB6}.Release|Win32.Build.0 = Release|Win32
	EndGlobalSection
	GlobalSection(SolutionProperties) = preSolution
		HideSolutionNode = FALSE
	EndGlobalSection
EndGlobal
